// !$*UTF8*$!
{
	archiveVersion = 1;
	classes = {
	};
	objectVersion = 46;
	objects = {

/* Begin PBXBuildFile section */
		2EBC634F1EC23C1000DDBDA5 /* AppDelegate.swift in Sources */ = {isa = PBXBuildFile; fileRef = 2EBC634E1EC23C1000DDBDA5 /* AppDelegate.swift */; };
		2EBC63511EC23C1000DDBDA5 /* ViewController.swift in Sources */ = {isa = PBXBuildFile; fileRef = 2EBC63501EC23C1000DDBDA5 /* ViewController.swift */; };
		2EBC63541EC23C1000DDBDA5 /* Main.storyboard in Resources */ = {isa = PBXBuildFile; fileRef = 2EBC63521EC23C1000DDBDA5 /* Main.storyboard */; };
		2EBC63561EC23C1000DDBDA5 /* Assets.xcassets in Resources */ = {isa = PBXBuildFile; fileRef = 2EBC63551EC23C1000DDBDA5 /* Assets.xcassets */; };
		2EBC63591EC23C1000DDBDA5 /* LaunchScreen.storyboard in Resources */ = {isa = PBXBuildFile; fileRef = 2EBC63571EC23C1000DDBDA5 /* LaunchScreen.storyboard */; };
		2EBC63641EC23C1000DDBDA5 /* LoadURLImageTests.swift in Sources */ = {isa = PBXBuildFile; fileRef = 2EBC63631EC23C1000DDBDA5 /* LoadURLImageTests.swift */; };
		2EBC636F1EC23C1000DDBDA5 /* LoadURLImageUITests.swift in Sources */ = {isa = PBXBuildFile; fileRef = 2EBC636E1EC23C1000DDBDA5 /* LoadURLImageUITests.swift */; };
		2EBC63A41EC23C8500DDBDA5 /* MKAnnotationView+WebCache.m in Sources */ = {isa = PBXBuildFile; fileRef = 2EBC637E1EC23C8500DDBDA5 /* MKAnnotationView+WebCache.m */; };
		2EBC63A51EC23C8500DDBDA5 /* NSData+ImageContentType.m in Sources */ = {isa = PBXBuildFile; fileRef = 2EBC63801EC23C8500DDBDA5 /* NSData+ImageContentType.m */; };
		2EBC63A61EC23C8500DDBDA5 /* NSImage+WebCache.m in Sources */ = {isa = PBXBuildFile; fileRef = 2EBC63821EC23C8500DDBDA5 /* NSImage+WebCache.m */; };
		2EBC63A71EC23C8500DDBDA5 /* SDImageCache.m in Sources */ = {isa = PBXBuildFile; fileRef = 2EBC63841EC23C8500DDBDA5 /* SDImageCache.m */; };
		2EBC63A81EC23C8500DDBDA5 /* SDImageCacheConfig.m in Sources */ = {isa = PBXBuildFile; fileRef = 2EBC63861EC23C8500DDBDA5 /* SDImageCacheConfig.m */; };
		2EBC63A91EC23C8500DDBDA5 /* SDWebImageCompat.m in Sources */ = {isa = PBXBuildFile; fileRef = 2EBC63881EC23C8500DDBDA5 /* SDWebImageCompat.m */; };
		2EBC63AA1EC23C8500DDBDA5 /* SDWebImageDecoder.m in Sources */ = {isa = PBXBuildFile; fileRef = 2EBC638A1EC23C8500DDBDA5 /* SDWebImageDecoder.m */; };
		2EBC63AB1EC23C8500DDBDA5 /* SDWebImageDownloader.m in Sources */ = {isa = PBXBuildFile; fileRef = 2EBC638C1EC23C8500DDBDA5 /* SDWebImageDownloader.m */; };
		2EBC63AC1EC23C8500DDBDA5 /* SDWebImageDownloaderOperation.m in Sources */ = {isa = PBXBuildFile; fileRef = 2EBC638E1EC23C8500DDBDA5 /* SDWebImageDownloaderOperation.m */; };
		2EBC63AD1EC23C8500DDBDA5 /* SDWebImageManager.m in Sources */ = {isa = PBXBuildFile; fileRef = 2EBC63901EC23C8500DDBDA5 /* SDWebImageManager.m */; };
		2EBC63AE1EC23C8500DDBDA5 /* SDWebImagePrefetcher.m in Sources */ = {isa = PBXBuildFile; fileRef = 2EBC63931EC23C8500DDBDA5 /* SDWebImagePrefetcher.m */; };
		2EBC63AF1EC23C8500DDBDA5 /* UIButton+WebCache.m in Sources */ = {isa = PBXBuildFile; fileRef = 2EBC63951EC23C8500DDBDA5 /* UIButton+WebCache.m */; };
		2EBC63B01EC23C8500DDBDA5 /* UIImage+GIF.m in Sources */ = {isa = PBXBuildFile; fileRef = 2EBC63971EC23C8500DDBDA5 /* UIImage+GIF.m */; };
		2EBC63B11EC23C8500DDBDA5 /* UIImage+MultiFormat.m in Sources */ = {isa = PBXBuildFile; fileRef = 2EBC63991EC23C8500DDBDA5 /* UIImage+MultiFormat.m */; };
		2EBC63B21EC23C8500DDBDA5 /* UIImage+WebP.m in Sources */ = {isa = PBXBuildFile; fileRef = 2EBC639B1EC23C8500DDBDA5 /* UIImage+WebP.m */; };
		2EBC63B31EC23C8500DDBDA5 /* UIImageView+HighlightedWebCache.m in Sources */ = {isa = PBXBuildFile; fileRef = 2EBC639D1EC23C8500DDBDA5 /* UIImageView+HighlightedWebCache.m */; };
		2EBC63B41EC23C8500DDBDA5 /* UIImageView+WebCache.m in Sources */ = {isa = PBXBuildFile; fileRef = 2EBC639F1EC23C8500DDBDA5 /* UIImageView+WebCache.m */; };
		2EBC63B51EC23C8500DDBDA5 /* UIView+WebCache.m in Sources */ = {isa = PBXBuildFile; fileRef = 2EBC63A11EC23C8500DDBDA5 /* UIView+WebCache.m */; };
		2EBC63B61EC23C8500DDBDA5 /* UIView+WebCacheOperation.m in Sources */ = {isa = PBXBuildFile; fileRef = 2EBC63A31EC23C8500DDBDA5 /* UIView+WebCacheOperation.m */; };
/* End PBXBuildFile section */

/* Begin PBXContainerItemProxy section */
		2EBC63601EC23C1000DDBDA5 /* PBXContainerItemProxy */ = {
			isa = PBXContainerItemProxy;
			containerPortal = 2EBC63431EC23C1000DDBDA5 /* Project object */;
			proxyType = 1;
			remoteGlobalIDString = 2EBC634A1EC23C1000DDBDA5;
			remoteInfo = LoadURLImage;
		};
		2EBC636B1EC23C1000DDBDA5 /* PBXContainerItemProxy */ = {
			isa = PBXContainerItemProxy;
			containerPortal = 2EBC63431EC23C1000DDBDA5 /* Project object */;
			proxyType = 1;
			remoteGlobalIDString = 2EBC634A1EC23C1000DDBDA5;
			remoteInfo = LoadURLImage;
		};
/* End PBXContainerItemProxy section */

/* Begin PBXFileReference section */
		2EBC634B1EC23C1000DDBDA5 /* LoadURLImage.app */ = {isa = PBXFileReference; explicitFileType = wrapper.application; includeInIndex = 0; path = LoadURLImage.app; sourceTree = BUILT_PRODUCTS_DIR; };
		2EBC634E1EC23C1000DDBDA5 /* AppDelegate.swift */ = {isa = PBXFileReference; lastKnownFileType = sourcecode.swift; path = AppDelegate.swift; sourceTree = "<group>"; };
		2EBC63501EC23C1000DDBDA5 /* ViewController.swift */ = {isa = PBXFileReference; lastKnownFileType = sourcecode.swift; path = ViewController.swift; sourceTree = "<group>"; };
		2EBC63531EC23C1000DDBDA5 /* Base */ = {isa = PBXFileReference; lastKnownFileType = file.storyboard; name = Base; path = Base.lproj/Main.storyboard; sourceTree = "<group>"; };
		2EBC63551EC23C1000DDBDA5 /* Assets.xcassets */ = {isa = PBXFileReference; lastKnownFileType = folder.assetcatalog; path = Assets.xcassets; sourceTree = "<group>"; };
		2EBC63581EC23C1000DDBDA5 /* Base */ = {isa = PBXFileReference; lastKnownFileType = file.storyboard; name = Base; path = Base.lproj/LaunchScreen.storyboard; sourceTree = "<group>"; };
		2EBC635A1EC23C1000DDBDA5 /* Info.plist */ = {isa = PBXFileReference; lastKnownFileType = text.plist.xml; path = Info.plist; sourceTree = "<group>"; };
		2EBC635F1EC23C1000DDBDA5 /* LoadURLImageTests.xctest */ = {isa = PBXFileReference; explicitFileType = wrapper.cfbundle; includeInIndex = 0; path = LoadURLImageTests.xctest; sourceTree = BUILT_PRODUCTS_DIR; };
		2EBC63631EC23C1000DDBDA5 /* LoadURLImageTests.swift */ = {isa = PBXFileReference; lastKnownFileType = sourcecode.swift; path = LoadURLImageTests.swift; sourceTree = "<group>"; };
		2EBC63651EC23C1000DDBDA5 /* Info.plist */ = {isa = PBXFileReference; lastKnownFileType = text.plist.xml; path = Info.plist; sourceTree = "<group>"; };
		2EBC636A1EC23C1000DDBDA5 /* LoadURLImageUITests.xctest */ = {isa = PBXFileReference; explicitFileType = wrapper.cfbundle; includeInIndex = 0; path = LoadURLImageUITests.xctest; sourceTree = BUILT_PRODUCTS_DIR; };
		2EBC636E1EC23C1000DDBDA5 /* LoadURLImageUITests.swift */ = {isa = PBXFileReference; lastKnownFileType = sourcecode.swift; path = LoadURLImageUITests.swift; sourceTree = "<group>"; };
		2EBC63701EC23C1000DDBDA5 /* Info.plist */ = {isa = PBXFileReference; lastKnownFileType = text.plist.xml; path = Info.plist; sourceTree = "<group>"; };
		2EBC637D1EC23C8500DDBDA5 /* MKAnnotationView+WebCache.h */ = {isa = PBXFileReference; fileEncoding = 4; lastKnownFileType = sourcecode.c.h; path = "MKAnnotationView+WebCache.h"; sourceTree = "<group>"; };
		2EBC637E1EC23C8500DDBDA5 /* MKAnnotationView+WebCache.m */ = {isa = PBXFileReference; fileEncoding = 4; lastKnownFileType = sourcecode.c.objc; path = "MKAnnotationView+WebCache.m"; sourceTree = "<group>"; };
		2EBC637F1EC23C8500DDBDA5 /* NSData+ImageContentType.h */ = {isa = PBXFileReference; fileEncoding = 4; lastKnownFileType = sourcecode.c.h; path = "NSData+ImageContentType.h"; sourceTree = "<group>"; };
		2EBC63801EC23C8500DDBDA5 /* NSData+ImageContentType.m */ = {isa = PBXFileReference; fileEncoding = 4; lastKnownFileType = sourcecode.c.objc; path = "NSData+ImageContentType.m"; sourceTree = "<group>"; };
		2EBC63811EC23C8500DDBDA5 /* NSImage+WebCache.h */ = {isa = PBXFileReference; fileEncoding = 4; lastKnownFileType = sourcecode.c.h; path = "NSImage+WebCache.h"; sourceTree = "<group>"; };
		2EBC63821EC23C8500DDBDA5 /* NSImage+WebCache.m */ = {isa = PBXFileReference; fileEncoding = 4; lastKnownFileType = sourcecode.c.objc; path = "NSImage+WebCache.m"; sourceTree = "<group>"; };
		2EBC63831EC23C8500DDBDA5 /* SDImageCache.h */ = {isa = PBXFileReference; fileEncoding = 4; lastKnownFileType = sourcecode.c.h; path = SDImageCache.h; sourceTree = "<group>"; };
		2EBC63841EC23C8500DDBDA5 /* SDImageCache.m */ = {isa = PBXFileReference; fileEncoding = 4; lastKnownFileType = sourcecode.c.objc; path = SDImageCache.m; sourceTree = "<group>"; };
		2EBC63851EC23C8500DDBDA5 /* SDImageCacheConfig.h */ = {isa = PBXFileReference; fileEncoding = 4; lastKnownFileType = sourcecode.c.h; path = SDImageCacheConfig.h; sourceTree = "<group>"; };
		2EBC63861EC23C8500DDBDA5 /* SDImageCacheConfig.m */ = {isa = PBXFileReference; fileEncoding = 4; lastKnownFileType = sourcecode.c.objc; path = SDImageCacheConfig.m; sourceTree = "<group>"; };
		2EBC63871EC23C8500DDBDA5 /* SDWebImageCompat.h */ = {isa = PBXFileReference; fileEncoding = 4; lastKnownFileType = sourcecode.c.h; path = SDWebImageCompat.h; sourceTree = "<group>"; };
		2EBC63881EC23C8500DDBDA5 /* SDWebImageCompat.m */ = {isa = PBXFileReference; fileEncoding = 4; lastKnownFileType = sourcecode.c.objc; path = SDWebImageCompat.m; sourceTree = "<group>"; };
		2EBC63891EC23C8500DDBDA5 /* SDWebImageDecoder.h */ = {isa = PBXFileReference; fileEncoding = 4; lastKnownFileType = sourcecode.c.h; path = SDWebImageDecoder.h; sourceTree = "<group>"; };
		2EBC638A1EC23C8500DDBDA5 /* SDWebImageDecoder.m */ = {isa = PBXFileReference; fileEncoding = 4; lastKnownFileType = sourcecode.c.objc; path = SDWebImageDecoder.m; sourceTree = "<group>"; };
		2EBC638B1EC23C8500DDBDA5 /* SDWebImageDownloader.h */ = {isa = PBXFileReference; fileEncoding = 4; lastKnownFileType = sourcecode.c.h; path = SDWebImageDownloader.h; sourceTree = "<group>"; };
		2EBC638C1EC23C8500DDBDA5 /* SDWebImageDownloader.m */ = {isa = PBXFileReference; fileEncoding = 4; lastKnownFileType = sourcecode.c.objc; path = SDWebImageDownloader.m; sourceTree = "<group>"; };
		2EBC638D1EC23C8500DDBDA5 /* SDWebImageDownloaderOperation.h */ = {isa = PBXFileReference; fileEncoding = 4; lastKnownFileType = sourcecode.c.h; path = SDWebImageDownloaderOperation.h; sourceTree = "<group>"; };
		2EBC638E1EC23C8500DDBDA5 /* SDWebImageDownloaderOperation.m */ = {isa = PBXFileReference; fileEncoding = 4; lastKnownFileType = sourcecode.c.objc; path = SDWebImageDownloaderOperation.m; sourceTree = "<group>"; };
		2EBC638F1EC23C8500DDBDA5 /* SDWebImageManager.h */ = {isa = PBXFileReference; fileEncoding = 4; lastKnownFileType = sourcecode.c.h; path = SDWebImageManager.h; sourceTree = "<group>"; };
		2EBC63901EC23C8500DDBDA5 /* SDWebImageManager.m */ = {isa = PBXFileReference; fileEncoding = 4; lastKnownFileType = sourcecode.c.objc; path = SDWebImageManager.m; sourceTree = "<group>"; };
		2EBC63911EC23C8500DDBDA5 /* SDWebImageOperation.h */ = {isa = PBXFileReference; fileEncoding = 4; lastKnownFileType = sourcecode.c.h; path = SDWebImageOperation.h; sourceTree = "<group>"; };
		2EBC63921EC23C8500DDBDA5 /* SDWebImagePrefetcher.h */ = {isa = PBXFileReference; fileEncoding = 4; lastKnownFileType = sourcecode.c.h; path = SDWebImagePrefetcher.h; sourceTree = "<group>"; };
		2EBC63931EC23C8500DDBDA5 /* SDWebImagePrefetcher.m */ = {isa = PBXFileReference; fileEncoding = 4; lastKnownFileType = sourcecode.c.objc; path = SDWebImagePrefetcher.m; sourceTree = "<group>"; };
		2EBC63941EC23C8500DDBDA5 /* UIButton+WebCache.h */ = {isa = PBXFileReference; fileEncoding = 4; lastKnownFileType = sourcecode.c.h; path = "UIButton+WebCache.h"; sourceTree = "<group>"; };
		2EBC63951EC23C8500DDBDA5 /* UIButton+WebCache.m */ = {isa = PBXFileReference; fileEncoding = 4; lastKnownFileType = sourcecode.c.objc; path = "UIButton+WebCache.m"; sourceTree = "<group>"; };
		2EBC63961EC23C8500DDBDA5 /* UIImage+GIF.h */ = {isa = PBXFileReference; fileEncoding = 4; lastKnownFileType = sourcecode.c.h; path = "UIImage+GIF.h"; sourceTree = "<group>"; };
		2EBC63971EC23C8500DDBDA5 /* UIImage+GIF.m */ = {isa = PBXFileReference; fileEncoding = 4; lastKnownFileType = sourcecode.c.objc; path = "UIImage+GIF.m"; sourceTree = "<group>"; };
		2EBC63981EC23C8500DDBDA5 /* UIImage+MultiFormat.h */ = {isa = PBXFileReference; fileEncoding = 4; lastKnownFileType = sourcecode.c.h; path = "UIImage+MultiFormat.h"; sourceTree = "<group>"; };
		2EBC63991EC23C8500DDBDA5 /* UIImage+MultiFormat.m */ = {isa = PBXFileReference; fileEncoding = 4; lastKnownFileType = sourcecode.c.objc; path = "UIImage+MultiFormat.m"; sourceTree = "<group>"; };
		2EBC639A1EC23C8500DDBDA5 /* UIImage+WebP.h */ = {isa = PBXFileReference; fileEncoding = 4; lastKnownFileType = sourcecode.c.h; path = "UIImage+WebP.h"; sourceTree = "<group>"; };
		2EBC639B1EC23C8500DDBDA5 /* UIImage+WebP.m */ = {isa = PBXFileReference; fileEncoding = 4; lastKnownFileType = sourcecode.c.objc; path = "UIImage+WebP.m"; sourceTree = "<group>"; };
		2EBC639C1EC23C8500DDBDA5 /* UIImageView+HighlightedWebCache.h */ = {isa = PBXFileReference; fileEncoding = 4; lastKnownFileType = sourcecode.c.h; path = "UIImageView+HighlightedWebCache.h"; sourceTree = "<group>"; };
		2EBC639D1EC23C8500DDBDA5 /* UIImageView+HighlightedWebCache.m */ = {isa = PBXFileReference; fileEncoding = 4; lastKnownFileType = sourcecode.c.objc; path = "UIImageView+HighlightedWebCache.m"; sourceTree = "<group>"; };
		2EBC639E1EC23C8500DDBDA5 /* UIImageView+WebCache.h */ = {isa = PBXFileReference; fileEncoding = 4; lastKnownFileType = sourcecode.c.h; path = "UIImageView+WebCache.h"; sourceTree = "<group>"; };
		2EBC639F1EC23C8500DDBDA5 /* UIImageView+WebCache.m */ = {isa = PBXFileReference; fileEncoding = 4; lastKnownFileType = sourcecode.c.objc; path = "UIImageView+WebCache.m"; sourceTree = "<group>"; };
		2EBC63A01EC23C8500DDBDA5 /* UIView+WebCache.h */ = {isa = PBXFileReference; fileEncoding = 4; lastKnownFileType = sourcecode.c.h; path = "UIView+WebCache.h"; sourceTree = "<group>"; };
		2EBC63A11EC23C8500DDBDA5 /* UIView+WebCache.m */ = {isa = PBXFileReference; fileEncoding = 4; lastKnownFileType = sourcecode.c.objc; path = "UIView+WebCache.m"; sourceTree = "<group>"; };
		2EBC63A21EC23C8500DDBDA5 /* UIView+WebCacheOperation.h */ = {isa = PBXFileReference; fileEncoding = 4; lastKnownFileType = sourcecode.c.h; path = "UIView+WebCacheOperation.h"; sourceTree = "<group>"; };
		2EBC63A31EC23C8500DDBDA5 /* UIView+WebCacheOperation.m */ = {isa = PBXFileReference; fileEncoding = 4; lastKnownFileType = sourcecode.c.objc; path = "UIView+WebCacheOperation.m"; sourceTree = "<group>"; };
		2EBC63B71EC23C9E00DDBDA5 /* BridgeHeader.h */ = {isa = PBXFileReference; lastKnownFileType = sourcecode.c.h; path = BridgeHeader.h; sourceTree = "<group>"; };
/* End PBXFileReference section */

/* Begin PBXFrameworksBuildPhase section */
		2EBC63481EC23C1000DDBDA5 /* Frameworks */ = {
			isa = PBXFrameworksBuildPhase;
			buildActionMask = 2147483647;
			files = (
			);
			runOnlyForDeploymentPostprocessing = 0;
		};
		2EBC635C1EC23C1000DDBDA5 /* Frameworks */ = {
			isa = PBXFrameworksBuildPhase;
			buildActionMask = 2147483647;
			files = (
			);
			runOnlyForDeploymentPostprocessing = 0;
		};
		2EBC63671EC23C1000DDBDA5 /* Frameworks */ = {
			isa = PBXFrameworksBuildPhase;
			buildActionMask = 2147483647;
			files = (
			);
			runOnlyForDeploymentPostprocessing = 0;
		};
/* End PBXFrameworksBuildPhase section */

/* Begin PBXGroup section */
		2EBC63421EC23C1000DDBDA5 = {
			isa = PBXGroup;
			children = (
				2EBC634D1EC23C1000DDBDA5 /* LoadURLImage */,
				2EBC63621EC23C1000DDBDA5 /* LoadURLImageTests */,
				2EBC636D1EC23C1000DDBDA5 /* LoadURLImageUITests */,
				2EBC634C1EC23C1000DDBDA5 /* Products */,
			);
			sourceTree = "<group>";
		};
		2EBC634C1EC23C1000DDBDA5 /* Products */ = {
			isa = PBXGroup;
			children = (
				2EBC634B1EC23C1000DDBDA5 /* LoadURLImage.app */,
				2EBC635F1EC23C1000DDBDA5 /* LoadURLImageTests.xctest */,
				2EBC636A1EC23C1000DDBDA5 /* LoadURLImageUITests.xctest */,
			);
			name = Products;
			sourceTree = "<group>";
		};
		2EBC634D1EC23C1000DDBDA5 /* LoadURLImage */ = {
			isa = PBXGroup;
			children = (
				2EBC637C1EC23C8500DDBDA5 /* SDWebImage */,
				2EBC634E1EC23C1000DDBDA5 /* AppDelegate.swift */,
				2EBC63501EC23C1000DDBDA5 /* ViewController.swift */,
				2EBC63521EC23C1000DDBDA5 /* Main.storyboard */,
				2EBC63551EC23C1000DDBDA5 /* Assets.xcassets */,
				2EBC63571EC23C1000DDBDA5 /* LaunchScreen.storyboard */,
				2EBC635A1EC23C1000DDBDA5 /* Info.plist */,
				2EBC63B71EC23C9E00DDBDA5 /* BridgeHeader.h */,
			);
			path = LoadURLImage;
			sourceTree = "<group>";
		};
		2EBC63621EC23C1000DDBDA5 /* LoadURLImageTests */ = {
			isa = PBXGroup;
			children = (
				2EBC63631EC23C1000DDBDA5 /* LoadURLImageTests.swift */,
				2EBC63651EC23C1000DDBDA5 /* Info.plist */,
			);
			path = LoadURLImageTests;
			sourceTree = "<group>";
		};
		2EBC636D1EC23C1000DDBDA5 /* LoadURLImageUITests */ = {
			isa = PBXGroup;
			children = (
				2EBC636E1EC23C1000DDBDA5 /* LoadURLImageUITests.swift */,
				2EBC63701EC23C1000DDBDA5 /* Info.plist */,
			);
			path = LoadURLImageUITests;
			sourceTree = "<group>";
		};
		2EBC637C1EC23C8500DDBDA5 /* SDWebImage */ = {
			isa = PBXGroup;
			children = (
				2EBC637D1EC23C8500DDBDA5 /* MKAnnotationView+WebCache.h */,
				2EBC637E1EC23C8500DDBDA5 /* MKAnnotationView+WebCache.m */,
				2EBC637F1EC23C8500DDBDA5 /* NSData+ImageContentType.h */,
				2EBC63801EC23C8500DDBDA5 /* NSData+ImageContentType.m */,
				2EBC63811EC23C8500DDBDA5 /* NSImage+WebCache.h */,
				2EBC63821EC23C8500DDBDA5 /* NSImage+WebCache.m */,
				2EBC63831EC23C8500DDBDA5 /* SDImageCache.h */,
				2EBC63841EC23C8500DDBDA5 /* SDImageCache.m */,
				2EBC63851EC23C8500DDBDA5 /* SDImageCacheConfig.h */,
				2EBC63861EC23C8500DDBDA5 /* SDImageCacheConfig.m */,
				2EBC63871EC23C8500DDBDA5 /* SDWebImageCompat.h */,
				2EBC63881EC23C8500DDBDA5 /* SDWebImageCompat.m */,
				2EBC63891EC23C8500DDBDA5 /* SDWebImageDecoder.h */,
				2EBC638A1EC23C8500DDBDA5 /* SDWebImageDecoder.m */,
				2EBC638B1EC23C8500DDBDA5 /* SDWebImageDownloader.h */,
				2EBC638C1EC23C8500DDBDA5 /* SDWebImageDownloader.m */,
				2EBC638D1EC23C8500DDBDA5 /* SDWebImageDownloaderOperation.h */,
				2EBC638E1EC23C8500DDBDA5 /* SDWebImageDownloaderOperation.m */,
				2EBC638F1EC23C8500DDBDA5 /* SDWebImageManager.h */,
				2EBC63901EC23C8500DDBDA5 /* SDWebImageManager.m */,
				2EBC63911EC23C8500DDBDA5 /* SDWebImageOperation.h */,
				2EBC63921EC23C8500DDBDA5 /* SDWebImagePrefetcher.h */,
				2EBC63931EC23C8500DDBDA5 /* SDWebImagePrefetcher.m */,
				2EBC63941EC23C8500DDBDA5 /* UIButton+WebCache.h */,
				2EBC63951EC23C8500DDBDA5 /* UIButton+WebCache.m */,
				2EBC63961EC23C8500DDBDA5 /* UIImage+GIF.h */,
				2EBC63971EC23C8500DDBDA5 /* UIImage+GIF.m */,
				2EBC63981EC23C8500DDBDA5 /* UIImage+MultiFormat.h */,
				2EBC63991EC23C8500DDBDA5 /* UIImage+MultiFormat.m */,
				2EBC639A1EC23C8500DDBDA5 /* UIImage+WebP.h */,
				2EBC639B1EC23C8500DDBDA5 /* UIImage+WebP.m */,
				2EBC639C1EC23C8500DDBDA5 /* UIImageView+HighlightedWebCache.h */,
				2EBC639D1EC23C8500DDBDA5 /* UIImageView+HighlightedWebCache.m */,
				2EBC639E1EC23C8500DDBDA5 /* UIImageView+WebCache.h */,
				2EBC639F1EC23C8500DDBDA5 /* UIImageView+WebCache.m */,
				2EBC63A01EC23C8500DDBDA5 /* UIView+WebCache.h */,
				2EBC63A11EC23C8500DDBDA5 /* UIView+WebCache.m */,
				2EBC63A21EC23C8500DDBDA5 /* UIView+WebCacheOperation.h */,
				2EBC63A31EC23C8500DDBDA5 /* UIView+WebCacheOperation.m */,
			);
			path = SDWebImage;
			sourceTree = "<group>";
		};
/* End PBXGroup section */

/* Begin PBXNativeTarget section */
		2EBC634A1EC23C1000DDBDA5 /* LoadURLImage */ = {
			isa = PBXNativeTarget;
			buildConfigurationList = 2EBC63731EC23C1000DDBDA5 /* Build configuration list for PBXNativeTarget "LoadURLImage" */;
			buildPhases = (
				2EBC63471EC23C1000DDBDA5 /* Sources */,
				2EBC63481EC23C1000DDBDA5 /* Frameworks */,
				2EBC63491EC23C1000DDBDA5 /* Resources */,
			);
			buildRules = (
			);
			dependencies = (
			);
			name = LoadURLImage;
			productName = LoadURLImage;
			productReference = 2EBC634B1EC23C1000DDBDA5 /* LoadURLImage.app */;
			productType = "com.apple.product-type.application";
		};
		2EBC635E1EC23C1000DDBDA5 /* LoadURLImageTests */ = {
			isa = PBXNativeTarget;
			buildConfigurationList = 2EBC63761EC23C1000DDBDA5 /* Build configuration list for PBXNativeTarget "LoadURLImageTests" */;
			buildPhases = (
				2EBC635B1EC23C1000DDBDA5 /* Sources */,
				2EBC635C1EC23C1000DDBDA5 /* Frameworks */,
				2EBC635D1EC23C1000DDBDA5 /* Resources */,
			);
			buildRules = (
			);
			dependencies = (
				2EBC63611EC23C1000DDBDA5 /* PBXTargetDependency */,
			);
			name = LoadURLImageTests;
			productName = LoadURLImageTests;
			productReference = 2EBC635F1EC23C1000DDBDA5 /* LoadURLImageTests.xctest */;
			productType = "com.apple.product-type.bundle.unit-test";
		};
		2EBC63691EC23C1000DDBDA5 /* LoadURLImageUITests */ = {
			isa = PBXNativeTarget;
			buildConfigurationList = 2EBC63791EC23C1000DDBDA5 /* Build configuration list for PBXNativeTarget "LoadURLImageUITests" */;
			buildPhases = (
				2EBC63661EC23C1000DDBDA5 /* Sources */,
				2EBC63671EC23C1000DDBDA5 /* Frameworks */,
				2EBC63681EC23C1000DDBDA5 /* Resources */,
			);
			buildRules = (
			);
			dependencies = (
				2EBC636C1EC23C1000DDBDA5 /* PBXTargetDependency */,
			);
			name = LoadURLImageUITests;
			productName = LoadURLImageUITests;
			productReference = 2EBC636A1EC23C1000DDBDA5 /* LoadURLImageUITests.xctest */;
			productType = "com.apple.product-type.bundle.ui-testing";
		};
/* End PBXNativeTarget section */

/* Begin PBXProject section */
		2EBC63431EC23C1000DDBDA5 /* Project object */ = {
			isa = PBXProject;
			attributes = {
				LastSwiftUpdateCheck = 0830;
				LastUpgradeCheck = 0830;
				ORGANIZATIONNAME = "Kiet Nguyen";
				TargetAttributes = {
					2EBC634A1EC23C1000DDBDA5 = {
						CreatedOnToolsVersion = 8.3.2;
						ProvisioningStyle = Automatic;
					};
					2EBC635E1EC23C1000DDBDA5 = {
						CreatedOnToolsVersion = 8.3.2;
						ProvisioningStyle = Automatic;
						TestTargetID = 2EBC634A1EC23C1000DDBDA5;
					};
					2EBC63691EC23C1000DDBDA5 = {
						CreatedOnToolsVersion = 8.3.2;
						ProvisioningStyle = Automatic;
						TestTargetID = 2EBC634A1EC23C1000DDBDA5;
					};
				};
			};
			buildConfigurationList = 2EBC63461EC23C1000DDBDA5 /* Build configuration list for PBXProject "LoadURLImage" */;
			compatibilityVersion = "Xcode 3.2";
			developmentRegion = English;
			hasScannedForEncodings = 0;
			knownRegions = (
				en,
				Base,
			);
			mainGroup = 2EBC63421EC23C1000DDBDA5;
			productRefGroup = 2EBC634C1EC23C1000DDBDA5 /* Products */;
			projectDirPath = "";
			projectRoot = "";
			targets = (
				2EBC634A1EC23C1000DDBDA5 /* LoadURLImage */,
				2EBC635E1EC23C1000DDBDA5 /* LoadURLImageTests */,
				2EBC63691EC23C1000DDBDA5 /* LoadURLImageUITests */,
			);
		};
/* End PBXProject section */

/* Begin PBXResourcesBuildPhase section */
		2EBC63491EC23C1000DDBDA5 /* Resources */ = {
			isa = PBXResourcesBuildPhase;
			buildActionMask = 2147483647;
			files = (
				2EBC63591EC23C1000DDBDA5 /* LaunchScreen.storyboard in Resources */,
				2EBC63561EC23C1000DDBDA5 /* Assets.xcassets in Resources */,
				2EBC63541EC23C1000DDBDA5 /* Main.storyboard in Resources */,
			);
			runOnlyForDeploymentPostprocessing = 0;
		};
		2EBC635D1EC23C1000DDBDA5 /* Resources */ = {
			isa = PBXResourcesBuildPhase;
			buildActionMask = 2147483647;
			files = (
			);
			runOnlyForDeploymentPostprocessing = 0;
		};
		2EBC63681EC23C1000DDBDA5 /* Resources */ = {
			isa = PBXResourcesBuildPhase;
			buildActionMask = 2147483647;
			files = (
			);
			runOnlyForDeploymentPostprocessing = 0;
		};
/* End PBXResourcesBuildPhase section */

/* Begin PBXSourcesBuildPhase section */
		2EBC63471EC23C1000DDBDA5 /* Sources */ = {
			isa = PBXSourcesBuildPhase;
			buildActionMask = 2147483647;
			files = (
				2EBC63B31EC23C8500DDBDA5 /* UIImageView+HighlightedWebCache.m in Sources */,
				2EBC63B11EC23C8500DDBDA5 /* UIImage+MultiFormat.m in Sources */,
				2EBC63AC1EC23C8500DDBDA5 /* SDWebImageDownloaderOperation.m in Sources */,
				2EBC63511EC23C1000DDBDA5 /* ViewController.swift in Sources */,
				2EBC63A91EC23C8500DDBDA5 /* SDWebImageCompat.m in Sources */,
				2EBC63B01EC23C8500DDBDA5 /* UIImage+GIF.m in Sources */,
				2EBC63B51EC23C8500DDBDA5 /* UIView+WebCache.m in Sources */,
				2EBC63AE1EC23C8500DDBDA5 /* SDWebImagePrefetcher.m in Sources */,
				2EBC63A71EC23C8500DDBDA5 /* SDImageCache.m in Sources */,
				2EBC634F1EC23C1000DDBDA5 /* AppDelegate.swift in Sources */,
				2EBC63B61EC23C8500DDBDA5 /* UIView+WebCacheOperation.m in Sources */,
				2EBC63B21EC23C8500DDBDA5 /* UIImage+WebP.m in Sources */,
				2EBC63B41EC23C8500DDBDA5 /* UIImageView+WebCache.m in Sources */,
				2EBC63AB1EC23C8500DDBDA5 /* SDWebImageDownloader.m in Sources */,
				2EBC63AF1EC23C8500DDBDA5 /* UIButton+WebCache.m in Sources */,
				2EBC63A81EC23C8500DDBDA5 /* SDImageCacheConfig.m in Sources */,
				2EBC63A51EC23C8500DDBDA5 /* NSData+ImageContentType.m in Sources */,
				2EBC63A41EC23C8500DDBDA5 /* MKAnnotationView+WebCache.m in Sources */,
				2EBC63AD1EC23C8500DDBDA5 /* SDWebImageManager.m in Sources */,
				2EBC63AA1EC23C8500DDBDA5 /* SDWebImageDecoder.m in Sources */,
				2EBC63A61EC23C8500DDBDA5 /* NSImage+WebCache.m in Sources */,
			);
			runOnlyForDeploymentPostprocessing = 0;
		};
		2EBC635B1EC23C1000DDBDA5 /* Sources */ = {
			isa = PBXSourcesBuildPhase;
			buildActionMask = 2147483647;
			files = (
				2EBC63641EC23C1000DDBDA5 /* LoadURLImageTests.swift in Sources */,
			);
			runOnlyForDeploymentPostprocessing = 0;
		};
		2EBC63661EC23C1000DDBDA5 /* Sources */ = {
			isa = PBXSourcesBuildPhase;
			buildActionMask = 2147483647;
			files = (
				2EBC636F1EC23C1000DDBDA5 /* LoadURLImageUITests.swift in Sources */,
			);
			runOnlyForDeploymentPostprocessing = 0;
		};
/* End PBXSourcesBuildPhase section */

/* Begin PBXTargetDependency section */
		2EBC63611EC23C1000DDBDA5 /* PBXTargetDependency */ = {
			isa = PBXTargetDependency;
			target = 2EBC634A1EC23C1000DDBDA5 /* LoadURLImage */;
			targetProxy = 2EBC63601EC23C1000DDBDA5 /* PBXContainerItemProxy */;
		};
		2EBC636C1EC23C1000DDBDA5 /* PBXTargetDependency */ = {
			isa = PBXTargetDependency;
			target = 2EBC634A1EC23C1000DDBDA5 /* LoadURLImage */;
			targetProxy = 2EBC636B1EC23C1000DDBDA5 /* PBXContainerItemProxy */;
		};
/* End PBXTargetDependency section */

/* Begin PBXVariantGroup section */
		2EBC63521EC23C1000DDBDA5 /* Main.storyboard */ = {
			isa = PBXVariantGroup;
			children = (
				2EBC63531EC23C1000DDBDA5 /* Base */,
			);
			name = Main.storyboard;
			sourceTree = "<group>";
		};
		2EBC63571EC23C1000DDBDA5 /* LaunchScreen.storyboard */ = {
			isa = PBXVariantGroup;
			children = (
				2EBC63581EC23C1000DDBDA5 /* Base */,
			);
			name = LaunchScreen.storyboard;
			sourceTree = "<group>";
		};
/* End PBXVariantGroup section */

/* Begin XCBuildConfiguration section */
		2EBC63711EC23C1000DDBDA5 /* Debug */ = {
			isa = XCBuildConfiguration;
			buildSettings = {
				ALWAYS_SEARCH_USER_PATHS = NO;
				CLANG_ANALYZER_NONNULL = YES;
				CLANG_ANALYZER_NUMBER_OBJECT_CONVERSION = YES_AGGRESSIVE;
				CLANG_CXX_LANGUAGE_STANDARD = "gnu++0x";
				CLANG_CXX_LIBRARY = "libc++";
				CLANG_ENABLE_MODULES = YES;
				CLANG_ENABLE_OBJC_ARC = YES;
				CLANG_WARN_BOOL_CONVERSION = YES;
				CLANG_WARN_CONSTANT_CONVERSION = YES;
				CLANG_WARN_DIRECT_OBJC_ISA_USAGE = YES_ERROR;
				CLANG_WARN_DOCUMENTATION_COMMENTS = YES;
				CLANG_WARN_EMPTY_BODY = YES;
				CLANG_WARN_ENUM_CONVERSION = YES;
				CLANG_WARN_INFINITE_RECURSION = YES;
				CLANG_WARN_INT_CONVERSION = YES;
				CLANG_WARN_OBJC_ROOT_CLASS = YES_ERROR;
				CLANG_WARN_SUSPICIOUS_MOVE = YES;
				CLANG_WARN_UNREACHABLE_CODE = YES;
				CLANG_WARN__DUPLICATE_METHOD_MATCH = YES;
				"CODE_SIGN_IDENTITY[sdk=iphoneos*]" = "iPhone Developer";
				COPY_PHASE_STRIP = NO;
				DEBUG_INFORMATION_FORMAT = dwarf;
				ENABLE_STRICT_OBJC_MSGSEND = YES;
				ENABLE_TESTABILITY = YES;
				GCC_C_LANGUAGE_STANDARD = gnu99;
				GCC_DYNAMIC_NO_PIC = NO;
				GCC_NO_COMMON_BLOCKS = YES;
				GCC_OPTIMIZATION_LEVEL = 0;
				GCC_PREPROCESSOR_DEFINITIONS = (
					"DEBUG=1",
					"$(inherited)",
				);
				GCC_WARN_64_TO_32_BIT_CONVERSION = YES;
				GCC_WARN_ABOUT_RETURN_TYPE = YES_ERROR;
				GCC_WARN_UNDECLARED_SELECTOR = YES;
				GCC_WARN_UNINITIALIZED_AUTOS = YES_AGGRESSIVE;
				GCC_WARN_UNUSED_FUNCTION = YES;
				GCC_WARN_UNUSED_VARIABLE = YES;
				IPHONEOS_DEPLOYMENT_TARGET = 10.3;
				MTL_ENABLE_DEBUG_INFO = YES;
				ONLY_ACTIVE_ARCH = YES;
				SDKROOT = iphoneos;
				SWIFT_ACTIVE_COMPILATION_CONDITIONS = DEBUG;
				SWIFT_OPTIMIZATION_LEVEL = "-Onone";
				TARGETED_DEVICE_FAMILY = "1,2";
			};
			name = Debug;
		};
		2EBC63721EC23C1000DDBDA5 /* Release */ = {
			isa = XCBuildConfiguration;
			buildSettings = {
				ALWAYS_SEARCH_USER_PATHS = NO;
				CLANG_ANALYZER_NONNULL = YES;
				CLANG_ANALYZER_NUMBER_OBJECT_CONVERSION = YES_AGGRESSIVE;
				CLANG_CXX_LANGUAGE_STANDARD = "gnu++0x";
				CLANG_CXX_LIBRARY = "libc++";
				CLANG_ENABLE_MODULES = YES;
				CLANG_ENABLE_OBJC_ARC = YES;
				CLANG_WARN_BOOL_CONVERSION = YES;
				CLANG_WARN_CONSTANT_CONVERSION = YES;
				CLANG_WARN_DIRECT_OBJC_ISA_USAGE = YES_ERROR;
				CLANG_WARN_DOCUMENTATION_COMMENTS = YES;
				CLANG_WARN_EMPTY_BODY = YES;
				CLANG_WARN_ENUM_CONVERSION = YES;
				CLANG_WARN_INFINITE_RECURSION = YES;
				CLANG_WARN_INT_CONVERSION = YES;
				CLANG_WARN_OBJC_ROOT_CLASS = YES_ERROR;
				CLANG_WARN_SUSPICIOUS_MOVE = YES;
				CLANG_WARN_UNREACHABLE_CODE = YES;
				CLANG_WARN__DUPLICATE_METHOD_MATCH = YES;
				"CODE_SIGN_IDENTITY[sdk=iphoneos*]" = "iPhone Developer";
				COPY_PHASE_STRIP = NO;
				DEBUG_INFORMATION_FORMAT = "dwarf-with-dsym";
				ENABLE_NS_ASSERTIONS = NO;
				ENABLE_STRICT_OBJC_MSGSEND = YES;
				GCC_C_LANGUAGE_STANDARD = gnu99;
				GCC_NO_COMMON_BLOCKS = YES;
				GCC_WARN_64_TO_32_BIT_CONVERSION = YES;
				GCC_WARN_ABOUT_RETURN_TYPE = YES_ERROR;
				GCC_WARN_UNDECLARED_SELECTOR = YES;
				GCC_WARN_UNINITIALIZED_AUTOS = YES_AGGRESSIVE;
				GCC_WARN_UNUSED_FUNCTION = YES;
				GCC_WARN_UNUSED_VARIABLE = YES;
				IPHONEOS_DEPLOYMENT_TARGET = 10.3;
				MTL_ENABLE_DEBUG_INFO = NO;
				SDKROOT = iphoneos;
				SWIFT_OPTIMIZATION_LEVEL = "-Owholemodule";
				TARGETED_DEVICE_FAMILY = "1,2";
				VALIDATE_PRODUCT = YES;
			};
			name = Release;
		};
		2EBC63741EC23C1000DDBDA5 /* Debug */ = {
			isa = XCBuildConfiguration;
			buildSettings = {
				ASSETCATALOG_COMPILER_APPICON_NAME = AppIcon;
				INFOPLIST_FILE = LoadURLImage/Info.plist;
				LD_RUNPATH_SEARCH_PATHS = "$(inherited) @executable_path/Frameworks";
				PRODUCT_BUNDLE_IDENTIFIER = "Group-9---iOSUTE.LoadURLImage";
				PRODUCT_NAME = "$(TARGET_NAME)";
				SWIFT_OBJC_BRIDGING_HEADER = LoadURLImage/BridgeHeader.h;
				SWIFT_VERSION = 3.0;
			};
			name = Debug;
		};
		2EBC63751EC23C1000DDBDA5 /* Release */ = {
			isa = XCBuildConfiguration;
			buildSettings = {
				ASSETCATALOG_COMPILER_APPICON_NAME = AppIcon;
				INFOPLIST_FILE = LoadURLImage/Info.plist;
				LD_RUNPATH_SEARCH_PATHS = "$(inherited) @executable_path/Frameworks";
				PRODUCT_BUNDLE_IDENTIFIER = "Group-9---iOSUTE.LoadURLImage";
				PRODUCT_NAME = "$(TARGET_NAME)";
				SWIFT_OBJC_BRIDGING_HEADER = LoadURLImage/BridgeHeader.h;
				SWIFT_VERSION = 3.0;
			};
			name = Release;
		};
		2EBC63771EC23C1000DDBDA5 /* Debug */ = {
			isa = XCBuildConfiguration;
			buildSettings = {
				ALWAYS_EMBED_SWIFT_STANDARD_LIBRARIES = YES;
				BUNDLE_LOADER = "$(TEST_HOST)";
				INFOPLIST_FILE = LoadURLImageTests/Info.plist;
				LD_RUNPATH_SEARCH_PATHS = "$(inherited) @executable_path/Frameworks @loader_path/Frameworks";
				PRODUCT_BUNDLE_IDENTIFIER = "Group-9---iOSUTE.LoadURLImageTests";
				PRODUCT_NAME = "$(TARGET_NAME)";
				SWIFT_VERSION = 3.0;
				TEST_HOST = "$(BUILT_PRODUCTS_DIR)/LoadURLImage.app/LoadURLImage";
			};
			name = Debug;
		};
		2EBC63781EC23C1000DDBDA5 /* Release */ = {
			isa = XCBuildConfiguration;
			buildSettings = {
				ALWAYS_EMBED_SWIFT_STANDARD_LIBRARIES = YES;
				BUNDLE_LOADER = "$(TEST_HOST)";
				INFOPLIST_FILE = LoadURLImageTests/Info.plist;
				LD_RUNPATH_SEARCH_PATHS = "$(inherited) @executable_path/Frameworks @loader_path/Frameworks";
				PRODUCT_BUNDLE_IDENTIFIER = "Group-9---iOSUTE.LoadURLImageTests";
				PRODUCT_NAME = "$(TARGET_NAME)";
				SWIFT_VERSION = 3.0;
				TEST_HOST = "$(BUILT_PRODUCTS_DIR)/LoadURLImage.app/LoadURLImage";
			};
			name = Release;
		};
		2EBC637A1EC23C1000DDBDA5 /* Debug */ = {
			isa = XCBuildConfiguration;
			buildSettings = {
				ALWAYS_EMBED_SWIFT_STANDARD_LIBRARIES = YES;
				INFOPLIST_FILE = LoadURLImageUITests/Info.plist;
				LD_RUNPATH_SEARCH_PATHS = "$(inherited) @executable_path/Frameworks @loader_path/Frameworks";
				PRODUCT_BUNDLE_IDENTIFIER = "Group-9---iOSUTE.LoadURLImageUITests";
				PRODUCT_NAME = "$(TARGET_NAME)";
				SWIFT_VERSION = 3.0;
				TEST_TARGET_NAME = LoadURLImage;
			};
			name = Debug;
		};
		2EBC637B1EC23C1000DDBDA5 /* Release */ = {
			isa = XCBuildConfiguration;
			buildSettings = {
				ALWAYS_EMBED_SWIFT_STANDARD_LIBRARIES = YES;
				INFOPLIST_FILE = LoadURLImageUITests/Info.plist;
				LD_RUNPATH_SEARCH_PATHS = "$(inherited) @executable_path/Frameworks @loader_path/Frameworks";
				PRODUCT_BUNDLE_IDENTIFIER = "Group-9---iOSUTE.LoadURLImageUITests";
				PRODUCT_NAME = "$(TARGET_NAME)";
				SWIFT_VERSION = 3.0;
				TEST_TARGET_NAME = LoadURLImage;
			};
			name = Release;
		};
/* End XCBuildConfiguration section */

/* Begin XCConfigurationList section */
		2EBC63461EC23C1000DDBDA5 /* Build configuration list for PBXProject "LoadURLImage" */ = {
			isa = XCConfigurationList;
			buildConfigurations = (
				2EBC63711EC23C1000DDBDA5 /* Debug */,
				2EBC63721EC23C1000DDBDA5 /* Release */,
			);
			defaultConfigurationIsVisible = 0;
			defaultConfigurationName = Release;
		};
		2EBC63731EC23C1000DDBDA5 /* Build configuration list for PBXNativeTarget "LoadURLImage" */ = {
			isa = XCConfigurationList;
			buildConfigurations = (
				2EBC63741EC23C1000DDBDA5 /* Debug */,
				2EBC63751EC23C1000DDBDA5 /* Release */,
			);
			defaultConfigurationIsVisible = 0;
		};
		2EBC63761EC23C1000DDBDA5 /* Build configuration list for PBXNativeTarget "LoadURLImageTests" */ = {
			isa = XCConfigurationList;
			buildConfigurations = (
				2EBC63771EC23C1000DDBDA5 /* Debug */,
				2EBC63781EC23C1000DDBDA5 /* Release */,
			);
			defaultConfigurationIsVisible = 0;
		};
		2EBC63791EC23C1000DDBDA5 /* Build configuration list for PBXNativeTarget "LoadURLImageUITests" */ = {
			isa = XCConfigurationList;
			buildConfigurations = (
				2EBC637A1EC23C1000DDBDA5 /* Debug */,
				2EBC637B1EC23C1000DDBDA5 /* Release */,
			);
			defaultConfigurationIsVisible = 0;
		};
/* End XCConfigurationList section */
	};
	rootObject = 2EBC63431EC23C1000DDBDA5 /* Project object */;
}
